
Microsoft Visual Studio Solution File, Format Version 11.00
# Visual C++ Express 2010
Project("{8BC9CEB8-8B4A-11D0-8D11-00A0C91BC942}") = "ld26", "ld26.vcxproj", "{CC256059-AB4F-443B-AFC8-864EA1F1F19C}"
EndProject
Global
	GlobalSection(SolutionConfigurationPlatforms) = preSolution
		Debug|Win32 = Debug|Win32
		Release|Win32 = Release|Win32
	EndGlobalSection
	GlobalSection(ProjectConfigurationPlatforms) = postSolution
		{CC256059-AB4F-443B-AFC8-864EA1F1F19C}.Debug|Win32.ActiveCfg = Debug|Win32
		{CC256059-AB4F-443B-AFC8-864EA1F1F19C}.Debug|Win32.Build.0 = Debug|Win32
		{CC256059-AB4F-443B-AFC8-864EA1F1F19C}.Release|Win32.ActiveCfg = Release|Win32
		{CC256059-AB4F-443B-AFC8-864EA1F1F19C}.Release|Win32.Build.0 = Release|Win32
	EndGlobalSection
	GlobalSection(SolutionProperties) = preSolution
		HideSolutionNode = FALSE
	EndGlobalSection
EndGlobal
